// !$*UTF8*$!
{
	archiveVersion = 1;
	classes = {
	};
	objectVersion = 55;
	objects = {

/* Begin PBXBuildFile section */
		089281302774C60C00276EB5 /* TestTTApp.swift in Sources */ = {isa = PBXBuildFile; fileRef = 0892812F2774C60C00276EB5 /* TestTTApp.swift */; };
		089281322774C60C00276EB5 /* ContentView.swift in Sources */ = {isa = PBXBuildFile; fileRef = 089281312774C60C00276EB5 /* ContentView.swift */; };
		089281342774C61000276EB5 /* Assets.xcassets in Resources */ = {isa = PBXBuildFile; fileRef = 089281332774C61000276EB5 /* Assets.xcassets */; };
		089281372774C61000276EB5 /* Preview Assets.xcassets in Resources */ = {isa = PBXBuildFile; fileRef = 089281362774C61000276EB5 /* Preview Assets.xcassets */; };
		089281412774C61100276EB5 /* TestTTTests.swift in Sources */ = {isa = PBXBuildFile; fileRef = 089281402774C61100276EB5 /* TestTTTests.swift */; };
		0892814B2774C61100276EB5 /* TestTTUITests.swift in Sources */ = {isa = PBXBuildFile; fileRef = 0892814A2774C61100276EB5 /* TestTTUITests.swift */; };
		0892814D2774C61100276EB5 /* TestTTUITestsLaunchTests.swift in Sources */ = {isa = PBXBuildFile; fileRef = 0892814C2774C61100276EB5 /* TestTTUITestsLaunchTests.swift */; };
		0892815F2774C66300276EB5 /* API.swift in Sources */ = {isa = PBXBuildFile; fileRef = 0892815E2774C66300276EB5 /* API.swift */; };
		089281612774C68100276EB5 /* Joke.swift in Sources */ = {isa = PBXBuildFile; fileRef = 089281602774C68100276EB5 /* Joke.swift */; };
		089281652774C6CF00276EB5 /* JokeView.swift in Sources */ = {isa = PBXBuildFile; fileRef = 089281642774C6CF00276EB5 /* JokeView.swift */; };
		089281672774C8FC00276EB5 /* JokeViewModel.swift in Sources */ = {isa = PBXBuildFile; fileRef = 089281662774C8FC00276EB5 /* JokeViewModel.swift */; };
		089281692774C93D00276EB5 /* String+Extension.swift in Sources */ = {isa = PBXBuildFile; fileRef = 089281682774C93C00276EB5 /* String+Extension.swift */; };
/* End PBXBuildFile section */

/* Begin PBXContainerItemProxy section */
		0892813D2774C61100276EB5 /* PBXContainerItemProxy */ = {
			isa = PBXContainerItemProxy;
			containerPortal = 089281242774C60C00276EB5 /* Project object */;
			proxyType = 1;
			remoteGlobalIDString = 0892812B2774C60C00276EB5;
			remoteInfo = TestTT;
		};
		089281472774C61100276EB5 /* PBXContainerItemProxy */ = {
			isa = PBXContainerItemProxy;
			containerPortal = 089281242774C60C00276EB5 /* Project object */;
			proxyType = 1;
			remoteGlobalIDString = 0892812B2774C60C00276EB5;
			remoteInfo = TestTT;
		};
/* End PBXContainerItemProxy section */

/* Begin PBXFileReference section */
		0892812C2774C60C00276EB5 /* TestTT.app */ = {isa = PBXFileReference; explicitFileType = wrapper.application; includeInIndex = 0; path = TestTT.app; sourceTree = BUILT_PRODUCTS_DIR; };
		0892812F2774C60C00276EB5 /* TestTTApp.swift */ = {isa = PBXFileReference; lastKnownFileType = sourcecode.swift; path = TestTTApp.swift; sourceTree = "<group>"; };
		089281312774C60C00276EB5 /* ContentView.swift */ = {isa = PBXFileReference; lastKnownFileType = sourcecode.swift; path = ContentView.swift; sourceTree = "<group>"; };
		089281332774C61000276EB5 /* Assets.xcassets */ = {isa = PBXFileReference; lastKnownFileType = folder.assetcatalog; path = Assets.xcassets; sourceTree = "<group>"; };
		089281362774C61000276EB5 /* Preview Assets.xcassets */ = {isa = PBXFileReference; lastKnownFileType = folder.assetcatalog; path = "Preview Assets.xcassets"; sourceTree = "<group>"; };
		0892813C2774C61100276EB5 /* TestTTTests.xctest */ = {isa = PBXFileReference; explicitFileType = wrapper.cfbundle; includeInIndex = 0; path = TestTTTests.xctest; sourceTree = BUILT_PRODUCTS_DIR; };
		089281402774C61100276EB5 /* TestTTTests.swift */ = {isa = PBXFileReference; lastKnownFileType = sourcecode.swift; path = TestTTTests.swift; sourceTree = "<group>"; };
		089281462774C61100276EB5 /* TestTTUITests.xctest */ = {isa = PBXFileReference; explicitFileType = wrapper.cfbundle; includeInIndex = 0; path = TestTTUITests.xctest; sourceTree = BUILT_PRODUCTS_DIR; };
		0892814A2774C61100276EB5 /* TestTTUITests.swift */ = {isa = PBXFileReference; lastKnownFileType = sourcecode.swift; path = TestTTUITests.swift; sourceTree = "<group>"; };
		0892814C2774C61100276EB5 /* TestTTUITestsLaunchTests.swift */ = {isa = PBXFileReference; lastKnownFileType = sourcecode.swift; path = TestTTUITestsLaunchTests.swift; sourceTree = "<group>"; };
		0892815E2774C66300276EB5 /* API.swift */ = {isa = PBXFileReference; lastKnownFileType = sourcecode.swift; path = API.swift; sourceTree = "<group>"; };
		089281602774C68100276EB5 /* Joke.swift */ = {isa = PBXFileReference; lastKnownFileType = sourcecode.swift; path = Joke.swift; sourceTree = "<group>"; };
		089281642774C6CF00276EB5 /* JokeView.swift */ = {isa = PBXFileReference; lastKnownFileType = sourcecode.swift; path = JokeView.swift; sourceTree = "<group>"; };
		089281662774C8FC00276EB5 /* JokeViewModel.swift */ = {isa = PBXFileReference; lastKnownFileType = sourcecode.swift; path = JokeViewModel.swift; sourceTree = "<group>"; };
		089281682774C93C00276EB5 /* String+Extension.swift */ = {isa = PBXFileReference; lastKnownFileType = sourcecode.swift; path = "String+Extension.swift"; sourceTree = "<group>"; };
/* End PBXFileReference section */

/* Begin PBXFrameworksBuildPhase section */
		089281292774C60C00276EB5 /* Frameworks */ = {
			isa = PBXFrameworksBuildPhase;
			buildActionMask = 2147483647;
			files = (
			);
			runOnlyForDeploymentPostprocessing = 0;
		};
		089281392774C61100276EB5 /* Frameworks */ = {
			isa = PBXFrameworksBuildPhase;
			buildActionMask = 2147483647;
			files = (
			);
			runOnlyForDeploymentPostprocessing = 0;
		};
		089281432774C61100276EB5 /* Frameworks */ = {
			isa = PBXFrameworksBuildPhase;
			buildActionMask = 2147483647;
			files = (
			);
			runOnlyForDeploymentPostprocessing = 0;
		};
/* End PBXFrameworksBuildPhase section */

/* Begin PBXGroup section */
		089281232774C60C00276EB5 = {
			isa = PBXGroup;
			children = (
				0892812E2774C60C00276EB5 /* TestTT */,
				0892813F2774C61100276EB5 /* TestTTTests */,
				089281492774C61100276EB5 /* TestTTUITests */,
				0892812D2774C60C00276EB5 /* Products */,
			);
			sourceTree = "<group>";
		};
		0892812D2774C60C00276EB5 /* Products */ = {
			isa = PBXGroup;
			children = (
				0892812C2774C60C00276EB5 /* TestTT.app */,
				0892813C2774C61100276EB5 /* TestTTTests.xctest */,
				089281462774C61100276EB5 /* TestTTUITests.xctest */,
			);
			name = Products;
			sourceTree = "<group>";
		};
		0892812E2774C60C00276EB5 /* TestTT */ = {
			isa = PBXGroup;
			children = (
				0892816A2774C94100276EB5 /* Extensions */,
				0892815A2774C62800276EB5 /* Memes */,
				089281592774C61F00276EB5 /* NetworkManager */,
				0892812F2774C60C00276EB5 /* TestTTApp.swift */,
				089281332774C61000276EB5 /* Assets.xcassets */,
				089281352774C61000276EB5 /* Preview Content */,
			);
			path = TestTT;
			sourceTree = "<group>";
		};
		089281352774C61000276EB5 /* Preview Content */ = {
			isa = PBXGroup;
			children = (
				089281362774C61000276EB5 /* Preview Assets.xcassets */,
			);
			path = "Preview Content";
			sourceTree = "<group>";
		};
		0892813F2774C61100276EB5 /* TestTTTests */ = {
			isa = PBXGroup;
			children = (
				089281402774C61100276EB5 /* TestTTTests.swift */,
			);
			path = TestTTTests;
			sourceTree = "<group>";
		};
		089281492774C61100276EB5 /* TestTTUITests */ = {
			isa = PBXGroup;
			children = (
				0892814A2774C61100276EB5 /* TestTTUITests.swift */,
				0892814C2774C61100276EB5 /* TestTTUITestsLaunchTests.swift */,
			);
			path = TestTTUITests;
			sourceTree = "<group>";
		};
		089281592774C61F00276EB5 /* NetworkManager */ = {
			isa = PBXGroup;
			children = (
				0892815E2774C66300276EB5 /* API.swift */,
			);
			path = NetworkManager;
			sourceTree = "<group>";
		};
		0892815A2774C62800276EB5 /* Memes */ = {
			isa = PBXGroup;
			children = (
				0892815D2774C63D00276EB5 /* Models */,
				0892815C2774C63600276EB5 /* Views */,
				0892815B2774C62F00276EB5 /* Repository */,
			);
			path = Memes;
			sourceTree = "<group>";
		};
		0892815B2774C62F00276EB5 /* Repository */ = {
			isa = PBXGroup;
			children = (
				089281662774C8FC00276EB5 /* JokeViewModel.swift */,
			);
			path = Repository;
			sourceTree = "<group>";
		};
		0892815C2774C63600276EB5 /* Views */ = {
			isa = PBXGroup;
			children = (
				089281312774C60C00276EB5 /* ContentView.swift */,
				089281642774C6CF00276EB5 /* JokeView.swift */,
			);
			path = Views;
			sourceTree = "<group>";
		};
		0892815D2774C63D00276EB5 /* Models */ = {
			isa = PBXGroup;
			children = (
				089281602774C68100276EB5 /* Joke.swift */,
			);
			path = Models;
			sourceTree = "<group>";
		};
		0892816A2774C94100276EB5 /* Extensions */ = {
			isa = PBXGroup;
			children = (
				089281682774C93C00276EB5 /* String+Extension.swift */,
			);
			path = Extensions;
			sourceTree = "<group>";
		};
/* End PBXGroup section */

/* Begin PBXNativeTarget section */
		0892812B2774C60C00276EB5 /* TestTT */ = {
			isa = PBXNativeTarget;
			buildConfigurationList = 089281502774C61100276EB5 /* Build configuration list for PBXNativeTarget "TestTT" */;
			buildPhases = (
				089281282774C60C00276EB5 /* Sources */,
				089281292774C60C00276EB5 /* Frameworks */,
				0892812A2774C60C00276EB5 /* Resources */,
			);
			buildRules = (
			);
			dependencies = (
			);
			name = TestTT;
			productName = TestTT;
			productReference = 0892812C2774C60C00276EB5 /* TestTT.app */;
			productType = "com.apple.product-type.application";
		};
		0892813B2774C61100276EB5 /* TestTTTests */ = {
			isa = PBXNativeTarget;
			buildConfigurationList = 089281532774C61100276EB5 /* Build configuration list for PBXNativeTarget "TestTTTests" */;
			buildPhases = (
				089281382774C61100276EB5 /* Sources */,
				089281392774C61100276EB5 /* Frameworks */,
				0892813A2774C61100276EB5 /* Resources */,
			);
			buildRules = (
			);
			dependencies = (
				0892813E2774C61100276EB5 /* PBXTargetDependency */,
			);
			name = TestTTTests;
			productName = TestTTTests;
			productReference = 0892813C2774C61100276EB5 /* TestTTTests.xctest */;
			productType = "com.apple.product-type.bundle.unit-test";
		};
		089281452774C61100276EB5 /* TestTTUITests */ = {
			isa = PBXNativeTarget;
			buildConfigurationList = 089281562774C61100276EB5 /* Build configuration list for PBXNativeTarget "TestTTUITests" */;
			buildPhases = (
				089281422774C61100276EB5 /* Sources */,
				089281432774C61100276EB5 /* Frameworks */,
				089281442774C61100276EB5 /* Resources */,
			);
			buildRules = (
			);
			dependencies = (
				089281482774C61100276EB5 /* PBXTargetDependency */,
			);
			name = TestTTUITests;
			productName = TestTTUITests;
			productReference = 089281462774C61100276EB5 /* TestTTUITests.xctest */;
			productType = "com.apple.product-type.bundle.ui-testing";
		};
/* End PBXNativeTarget section */

/* Begin PBXProject section */
		089281242774C60C00276EB5 /* Project object */ = {
			isa = PBXProject;
			attributes = {
				BuildIndependentTargetsInParallel = 1;
				LastSwiftUpdateCheck = 1320;
				LastUpgradeCheck = 1320;
				TargetAttributes = {
					0892812B2774C60C00276EB5 = {
						CreatedOnToolsVersion = 13.2.1;
					};
					0892813B2774C61100276EB5 = {
						CreatedOnToolsVersion = 13.2.1;
						TestTargetID = 0892812B2774C60C00276EB5;
					};
					089281452774C61100276EB5 = {
						CreatedOnToolsVersion = 13.2.1;
						TestTargetID = 0892812B2774C60C00276EB5;
					};
				};
			};
			buildConfigurationList = 089281272774C60C00276EB5 /* Build configuration list for PBXProject "TestTT" */;
			compatibilityVersion = "Xcode 13.0";
			developmentRegion = en;
			hasScannedForEncodings = 0;
			knownRegions = (
				en,
				Base,
			);
			mainGroup = 089281232774C60C00276EB5;
			productRefGroup = 0892812D2774C60C00276EB5 /* Products */;
			projectDirPath = "";
			projectRoot = "";
			targets = (
				0892812B2774C60C00276EB5 /* TestTT */,
				0892813B2774C61100276EB5 /* TestTTTests */,
				089281452774C61100276EB5 /* TestTTUITests */,
			);
		};
/* End PBXProject section */

/* Begin PBXResourcesBuildPhase section */
		0892812A2774C60C00276EB5 /* Resources */ = {
			isa = PBXResourcesBuildPhase;
			buildActionMask = 2147483647;
			files = (
				089281372774C61000276EB5 /* Preview Assets.xcassets in Resources */,
				089281342774C61000276EB5 /* Assets.xcassets in Resources */,
			);
			runOnlyForDeploymentPostprocessing = 0;
		};
		0892813A2774C61100276EB5 /* Resources */ = {
			isa = PBXResourcesBuildPhase;
			buildActionMask = 2147483647;
			files = (
			);
			runOnlyForDeploymentPostprocessing = 0;
		};
		089281442774C61100276EB5 /* Resources */ = {
			isa = PBXResourcesBuildPhase;
			buildActionMask = 2147483647;
			files = (
			);
			runOnlyForDeploymentPostprocessing = 0;
		};
/* End PBXResourcesBuildPhase section */

/* Begin PBXSourcesBuildPhase section */
		089281282774C60C00276EB5 /* Sources */ = {
			isa = PBXSourcesBuildPhase;
			buildActionMask = 2147483647;
			files = (
				089281652774C6CF00276EB5 /* JokeView.swift in Sources */,
				089281692774C93D00276EB5 /* String+Extension.swift in Sources */,
				089281672774C8FC00276EB5 /* JokeViewModel.swift in Sources */,
				089281322774C60C00276EB5 /* ContentView.swift in Sources */,
				0892815F2774C66300276EB5 /* API.swift in Sources */,
				089281612774C68100276EB5 /* Joke.swift in Sources */,
				089281302774C60C00276EB5 /* TestTTApp.swift in Sources */,
			);
			runOnlyForDeploymentPostprocessing = 0;
		};
		089281382774C61100276EB5 /* Sources */ = {
			isa = PBXSourcesBuildPhase;
			buildActionMask = 2147483647;
			files = (
				089281412774C61100276EB5 /* TestTTTests.swift in Sources */,
			);
			runOnlyForDeploymentPostprocessing = 0;
		};
		089281422774C61100276EB5 /* Sources */ = {
			isa = PBXSourcesBuildPhase;
			buildActionMask = 2147483647;
			files = (
				0892814D2774C61100276EB5 /* TestTTUITestsLaunchTests.swift in Sources */,
				0892814B2774C61100276EB5 /* TestTTUITests.swift in Sources */,
			);
			runOnlyForDeploymentPostprocessing = 0;
		};
/* End PBXSourcesBuildPhase section */

/* Begin PBXTargetDependency section */
		0892813E2774C61100276EB5 /* PBXTargetDependency */ = {
			isa = PBXTargetDependency;
			target = 0892812B2774C60C00276EB5 /* TestTT */;
			targetProxy = 0892813D2774C61100276EB5 /* PBXContainerItemProxy */;
		};
		089281482774C61100276EB5 /* PBXTargetDependency */ = {
			isa = PBXTargetDependency;
			target = 0892812B2774C60C00276EB5 /* TestTT */;
			targetProxy = 089281472774C61100276EB5 /* PBXContainerItemProxy */;
		};
/* End PBXTargetDependency section */

/* Begin XCBuildConfiguration section */
		0892814E2774C61100276EB5 /* Debug */ = {
			isa = XCBuildConfiguration;
			buildSettings = {
				ALWAYS_SEARCH_USER_PATHS = NO;
				CLANG_ANALYZER_NONNULL = YES;
				CLANG_ANALYZER_NUMBER_OBJECT_CONVERSION = YES_AGGRESSIVE;
				CLANG_CXX_LANGUAGE_STANDARD = "gnu++17";
				CLANG_CXX_LIBRARY = "libc++";
				CLANG_ENABLE_MODULES = YES;
				CLANG_ENABLE_OBJC_ARC = YES;
				CLANG_ENABLE_OBJC_WEAK = YES;
				CLANG_WARN_BLOCK_CAPTURE_AUTORELEASING = YES;
				CLANG_WARN_BOOL_CONVERSION = YES;
				CLANG_WARN_COMMA = YES;
				CLANG_WARN_CONSTANT_CONVERSION = YES;
				CLANG_WARN_DEPRECATED_OBJC_IMPLEMENTATIONS = YES;
				CLANG_WARN_DIRECT_OBJC_ISA_USAGE = YES_ERROR;
				CLANG_WARN_DOCUMENTATION_COMMENTS = YES;
				CLANG_WARN_EMPTY_BODY = YES;
				CLANG_WARN_ENUM_CONVERSION = YES;
				CLANG_WARN_INFINITE_RECURSION = YES;
				CLANG_WARN_INT_CONVERSION = YES;
				CLANG_WARN_NON_LITERAL_NULL_CONVERSION = YES;
				CLANG_WARN_OBJC_IMPLICIT_RETAIN_SELF = YES;
				CLANG_WARN_OBJC_LITERAL_CONVERSION = YES;
				CLANG_WARN_OBJC_ROOT_CLASS = YES_ERROR;
				CLANG_WARN_QUOTED_INCLUDE_IN_FRAMEWORK_HEADER = YES;
				CLANG_WARN_RANGE_LOOP_ANALYSIS = YES;
				CLANG_WARN_STRICT_PROTOTYPES = YES;
				CLANG_WARN_SUSPICIOUS_MOVE = YES;
				CLANG_WARN_UNGUARDED_AVAILABILITY = YES_AGGRESSIVE;
				CLANG_WARN_UNREACHABLE_CODE = YES;
				CLANG_WARN__DUPLICATE_METHOD_MATCH = YES;
				COPY_PHASE_STRIP = NO;
				DEBUG_INFORMATION_FORMAT = dwarf;
				ENABLE_STRICT_OBJC_MSGSEND = YES;
				ENABLE_TESTABILITY = YES;
				GCC_C_LANGUAGE_STANDARD = gnu11;
				GCC_DYNAMIC_NO_PIC = NO;
				GCC_NO_COMMON_BLOCKS = YES;
				GCC_OPTIMIZATION_LEVEL = 0;
				GCC_PREPROCESSOR_DEFINITIONS = (
					"DEBUG=1",
					"$(inherited)",
				);
				GCC_WARN_64_TO_32_BIT_CONVERSION = YES;
				GCC_WARN_ABOUT_RETURN_TYPE = YES_ERROR;
				GCC_WARN_UNDECLARED_SELECTOR = YES;
				GCC_WARN_UNINITIALIZED_AUTOS = YES_AGGRESSIVE;
				GCC_WARN_UNUSED_FUNCTION = YES;
				GCC_WARN_UNUSED_VARIABLE = YES;
				IPHONEOS_DEPLOYMENT_TARGET = 15.2;
				MTL_ENABLE_DEBUG_INFO = INCLUDE_SOURCE;
				MTL_FAST_MATH = YES;
				ONLY_ACTIVE_ARCH = YES;
				SDKROOT = iphoneos;
				SWIFT_ACTIVE_COMPILATION_CONDITIONS = DEBUG;
				SWIFT_OPTIMIZATION_LEVEL = "-Onone";
			};
			name = Debug;
		};
		0892814F2774C61100276EB5 /* Release */ = {
			isa = XCBuildConfiguration;
			buildSettings = {
				ALWAYS_SEARCH_USER_PATHS = NO;
				CLANG_ANALYZER_NONNULL = YES;
				CLANG_ANALYZER_NUMBER_OBJECT_CONVERSION = YES_AGGRESSIVE;
				CLANG_CXX_LANGUAGE_STANDARD = "gnu++17";
				CLANG_CXX_LIBRARY = "libc++";
				CLANG_ENABLE_MODULES = YES;
				CLANG_ENABLE_OBJC_ARC = YES;
				CLANG_ENABLE_OBJC_WEAK = YES;
				CLANG_WARN_BLOCK_CAPTURE_AUTORELEASING = YES;
				CLANG_WARN_BOOL_CONVERSION = YES;
				CLANG_WARN_COMMA = YES;
				CLANG_WARN_CONSTANT_CONVERSION = YES;
				CLANG_WARN_DEPRECATED_OBJC_IMPLEMENTATIONS = YES;
				CLANG_WARN_DIRECT_OBJC_ISA_USAGE = YES_ERROR;
				CLANG_WARN_DOCUMENTATION_COMMENTS = YES;
				CLANG_WARN_EMPTY_BODY = YES;
				CLANG_WARN_ENUM_CONVERSION = YES;
				CLANG_WARN_INFINITE_RECURSION = YES;
				CLANG_WARN_INT_CONVERSION = YES;
				CLANG_WARN_NON_LITERAL_NULL_CONVERSION = YES;
				CLANG_WARN_OBJC_IMPLICIT_RETAIN_SELF = YES;
				CLANG_WARN_OBJC_LITERAL_CONVERSION = YES;
				CLANG_WARN_OBJC_ROOT_CLASS = YES_ERROR;
				CLANG_WARN_QUOTED_INCLUDE_IN_FRAMEWORK_HEADER = YES;
				CLANG_WARN_RANGE_LOOP_ANALYSIS = YES;
				CLANG_WARN_STRICT_PROTOTYPES = YES;
				CLANG_WARN_SUSPICIOUS_MOVE = YES;
				CLANG_WARN_UNGUARDED_AVAILABILITY = YES_AGGRESSIVE;
				CLANG_WARN_UNREACHABLE_CODE = YES;
				CLANG_WARN__DUPLICATE_METHOD_MATCH = YES;
				COPY_PHASE_STRIP = NO;
				DEBUG_INFORMATION_FORMAT = "dwarf-with-dsym";
				ENABLE_NS_ASSERTIONS = NO;
				ENABLE_STRICT_OBJC_MSGSEND = YES;
				GCC_C_LANGUAGE_STANDARD = gnu11;
				GCC_NO_COMMON_BLOCKS = YES;
				GCC_WARN_64_TO_32_BIT_CONVERSION = YES;
				GCC_WARN_ABOUT_RETURN_TYPE = YES_ERROR;
				GCC_WARN_UNDECLARED_SELECTOR = YES;
				GCC_WARN_UNINITIALIZED_AUTOS = YES_AGGRESSIVE;
				GCC_WARN_UNUSED_FUNCTION = YES;
				GCC_WARN_UNUSED_VARIABLE = YES;
				IPHONEOS_DEPLOYMENT_TARGET = 15.2;
				MTL_ENABLE_DEBUG_INFO = NO;
				MTL_FAST_MATH = YES;
				SDKROOT = iphoneos;
				SWIFT_COMPILATION_MODE = wholemodule;
				SWIFT_OPTIMIZATION_LEVEL = "-O";
				VALIDATE_PRODUCT = YES;
			};
			name = Release;
		};
		089281512774C61100276EB5 /* Debug */ = {
			isa = XCBuildConfiguration;
			buildSettings = {
				ASSETCATALOG_COMPILER_APPICON_NAME = AppIcon;
				ASSETCATALOG_COMPILER_GLOBAL_ACCENT_COLOR_NAME = AccentColor;
				CODE_SIGN_STYLE = Automatic;
				CURRENT_PROJECT_VERSION = 1;
				DEVELOPMENT_ASSET_PATHS = "\"TestTT/Preview Content\"";
				DEVELOPMENT_TEAM = EBV9R936U5;
				ENABLE_PREVIEWS = YES;
				GENERATE_INFOPLIST_FILE = YES;
				INFOPLIST_KEY_UIApplicationSceneManifest_Generation = YES;
				INFOPLIST_KEY_UIApplicationSupportsIndirectInputEvents = YES;
				INFOPLIST_KEY_UILaunchScreen_Generation = YES;
				INFOPLIST_KEY_UISupportedInterfaceOrientations_iPad = "UIInterfaceOrientationPortrait UIInterfaceOrientationPortraitUpsideDown UIInterfaceOrientationLandscapeLeft UIInterfaceOrientationLandscapeRight";
				INFOPLIST_KEY_UISupportedInterfaceOrientations_iPhone = "UIInterfaceOrientationPortrait UIInterfaceOrientationLandscapeLeft UIInterfaceOrientationLandscapeRight";
				LD_RUNPATH_SEARCH_PATHS = (
					"$(inherited)",
					"@executable_path/Frameworks",
				);
				MARKETING_VERSION = 1.0;
				PRODUCT_BUNDLE_IDENTIFIER = raes.TestTT;
				PRODUCT_NAME = "$(TARGET_NAME)";
				SWIFT_EMIT_LOC_STRINGS = YES;
				SWIFT_VERSION = 5.0;
				TARGETED_DEVICE_FAMILY = "1,2";
			};
			name = Debug;
		};
		089281522774C61100276EB5 /* Release */ = {
			isa = XCBuildConfiguration;
			buildSettings = {
				ASSETCATALOG_COMPILER_APPICON_NAME = AppIcon;
				ASSETCATALOG_COMPILER_GLOBAL_ACCENT_COLOR_NAME = AccentColor;
				CODE_SIGN_STYLE = Automatic;
				CURRENT_PROJECT_VERSION = 1;
				DEVELOPMENT_ASSET_PATHS = "\"TestTT/Preview Content\"";
				DEVELOPMENT_TEAM = EBV9R936U5;
				ENABLE_PREVIEWS = YES;
				GENERATE_INFOPLIST_FILE = YES;
				INFOPLIST_KEY_UIApplicationSceneManifest_Generation = YES;
				INFOPLIST_KEY_UIApplicationSupportsIndirectInputEvents = YES;
				INFOPLIST_KEY_UILaunchScreen_Generation = YES;
				INFOPLIST_KEY_UISupportedInterfaceOrientations_iPad = "UIInterfaceOrientationPortrait UIInterfaceOrientationPortraitUpsideDown UIInterfaceOrientationLandscapeLeft UIInterfaceOrientationLandscapeRight";
				INFOPLIST_KEY_UISupportedInterfaceOrientations_iPhone = "UIInterfaceOrientationPortrait UIInterfaceOrientationLandscapeLeft UIInterfaceOrientationLandscapeRight";
				LD_RUNPATH_SEARCH_PATHS = (
					"$(inherited)",
					"@executable_path/Frameworks",
				);
				MARKETING_VERSION = 1.0;
				PRODUCT_BUNDLE_IDENTIFIER = raes.TestTT;
				PRODUCT_NAME = "$(TARGET_NAME)";
				SWIFT_EMIT_LOC_STRINGS = YES;
				SWIFT_VERSION = 5.0;
				TARGETED_DEVICE_FAMILY = "1,2";
			};
			name = Release;
		};
		089281542774C61100276EB5 /* Debug */ = {
			isa = XCBuildConfiguration;
			buildSettings = {
				ALWAYS_EMBED_SWIFT_STANDARD_LIBRARIES = YES;
				BUNDLE_LOADER = "$(TEST_HOST)";
				CODE_SIGN_STYLE = Automatic;
				CURRENT_PROJECT_VERSION = 1;
				DEVELOPMENT_TEAM = EBV9R936U5;
				GENERATE_INFOPLIST_FILE = YES;
				IPHONEOS_DEPLOYMENT_TARGET = 15.2;
				MARKETING_VERSION = 1.0;
				PRODUCT_BUNDLE_IDENTIFIER = raes.TestTTTests;
				PRODUCT_NAME = "$(TARGET_NAME)";
				SWIFT_EMIT_LOC_STRINGS = NO;
				SWIFT_VERSION = 5.0;
				TARGETED_DEVICE_FAMILY = "1,2";
				TEST_HOST = "$(BUILT_PRODUCTS_DIR)/TestTT.app/TestTT";
			};
			name = Debug;
		};
		089281552774C61100276EB5 /* Release */ = {
			isa = XCBuildConfiguration;
			buildSettings = {
				ALWAYS_EMBED_SWIFT_STANDARD_LIBRARIES = YES;
				BUNDLE_LOADER = "$(TEST_HOST)";
				CODE_SIGN_STYLE = Automatic;
				CURRENT_PROJECT_VERSION = 1;
				DEVELOPMENT_TEAM = EBV9R936U5;
				GENERATE_INFOPLIST_FILE = YES;
				IPHONEOS_DEPLOYMENT_TARGET = 15.2;
				MARKETING_VERSION = 1.0;
				PRODUCT_BUNDLE_IDENTIFIER = raes.TestTTTests;
				PRODUCT_NAME = "$(TARGET_NAME)";
				SWIFT_EMIT_LOC_STRINGS = NO;
				SWIFT_VERSION = 5.0;
				TARGETED_DEVICE_FAMILY = "1,2";
				TEST_HOST = "$(BUILT_PRODUCTS_DIR)/TestTT.app/TestTT";
			};
			name = Release;
		};
		089281572774C61100276EB5 /* Debug */ = {
			isa = XCBuildConfiguration;
			buildSettings = {
				ALWAYS_EMBED_SWIFT_STANDARD_LIBRARIES = YES;
				CODE_SIGN_STYLE = Automatic;
				CURRENT_PROJECT_VERSION = 1;
				DEVELOPMENT_TEAM = EBV9R936U5;
				GENERATE_INFOPLIST_FILE = YES;
				MARKETING_VERSION = 1.0;
				PRODUCT_BUNDLE_IDENTIFIER = raes.TestTTUITests;
				PRODUCT_NAME = "$(TARGET_NAME)";
				SWIFT_EMIT_LOC_STRINGS = NO;
				SWIFT_VERSION = 5.0;
				TARGETED_DEVICE_FAMILY = "1,2";
				TEST_TARGET_NAME = TestTT;
			};
			name = Debug;
		};
		089281582774C61100276EB5 /* Release */ = {
			isa = XCBuildConfiguration;
			buildSettings = {
				ALWAYS_EMBED_SWIFT_STANDARD_LIBRARIES = YES;
				CODE_SIGN_STYLE = Automatic;
				CURRENT_PROJECT_VERSION = 1;
				DEVELOPMENT_TEAM = EBV9R936U5;
				GENERATE_INFOPLIST_FILE = YES;
				MARKETING_VERSION = 1.0;
				PRODUCT_BUNDLE_IDENTIFIER = raes.TestTTUITests;
				PRODUCT_NAME = "$(TARGET_NAME)";
				SWIFT_EMIT_LOC_STRINGS = NO;
				SWIFT_VERSION = 5.0;
				TARGETED_DEVICE_FAMILY = "1,2";
				TEST_TARGET_NAME = TestTT;
			};
			name = Release;
		};
/* End XCBuildConfiguration section */

/* Begin XCConfigurationList section */
		089281272774C60C00276EB5 /* Build configuration list for PBXProject "TestTT" */ = {
			isa = XCConfigurationList;
			buildConfigurations = (
				0892814E2774C61100276EB5 /* Debug */,
				0892814F2774C61100276EB5 /* Release */,
			);
			defaultConfigurationIsVisible = 0;
			defaultConfigurationName = Release;
		};
		089281502774C61100276EB5 /* Build configuration list for PBXNativeTarget "TestTT" */ = {
			isa = XCConfigurationList;
			buildConfigurations = (
				089281512774C61100276EB5 /* Debug */,
				089281522774C61100276EB5 /* Release */,
			);
			defaultConfigurationIsVisible = 0;
			defaultConfigurationName = Release;
		};
		089281532774C61100276EB5 /* Build configuration list for PBXNativeTarget "TestTTTests" */ = {
			isa = XCConfigurationList;
			buildConfigurations = (
				089281542774C61100276EB5 /* Debug */,
				089281552774C61100276EB5 /* Release */,
			);
			defaultConfigurationIsVisible = 0;
			defaultConfigurationName = Release;
		};
		089281562774C61100276EB5 /* Build configuration list for PBXNativeTarget "TestTTUITests" */ = {
			isa = XCConfigurationList;
			buildConfigurations = (
				089281572774C61100276EB5 /* Debug */,
				089281582774C61100276EB5 /* Release */,
			);
			defaultConfigurationIsVisible = 0;
			defaultConfigurationName = Release;
		};
/* End XCConfigurationList section */
	};
	rootObject = 089281242774C60C00276EB5 /* Project object */;
}
